<Solution>
  <Folder Name="/Solution Items/">
    <File Path=".dockerignore" />
    <File Path=".editorconfig" />
    <File Path=".env" />
    <File Path=".env.example" />
    <File Path=".github/CODEOWNERS" />
    <File Path=".github/workflows/ci.yml" />
    <File Path=".github/workflows/docker-build.yml" />
    <File Path=".github/workflows/pr-title-lint.yml" />
    <File Path=".gitignore" />
    <File Path="alertmanager/alertmanager.example.yml" />
    <File Path="alertmanager/alertmanager.yml" />
    <File Path="BannedSymbols.txt" />
    <File Path="compose.linux.yml" />
    <File Path="compose.yaml" />
    <File Path="coverage.runsettings" />
    <File Path="Directory.Build.props" />
    <File Path="Directory.Packages.props" />
    <File Path="prometheus.yml" />
    <File Path="prometheus/alerts.yml" />
    <File Path="README.md" />
    <File Path="scripts/backup/pg-backup.sh" />
    <File Path="scripts/backup/pg-restore.sh" />
  </Folder>
  <Project Path="FinanceTracker.Api/FinanceTracker.Api.csproj" />
  <Project Path="FinanceTracker.Application/FinanceTracker.Application.csproj" />
  <Project Path="FinanceTracker.Benchmarks/FinanceTracker.Benchmarks.csproj" />
  <Project Path="FinanceTracker.Cli/FinanceTracker.Cli.csproj" />
  <Project Path="FinanceTracker.Contracts/FinanceTracker.Contracts.csproj" />
  <Project Path="FinanceTracker.Core/FinanceTracker.Core.csproj" />
  <Project Path="FinanceTracker.Infrastructure/FinanceTracker.Infrastructure.csproj" />
  <Project Path="FinanceTracker.Migrator/FinanceTracker.Migrator.csproj" />
  <Project Path="FinanceTracker.Tests/FinanceTracker.Tests.csproj" />
  <Project Path="FinanceTracker.Worker.AccountProjection/FinanceTracker.Worker.AccountProjection.csproj" />
  <Project Path="FinanceTracker.Worker.BalanceAdjustment/FinanceTracker.Worker.BalanceAdjustment.csproj" />
  <Project Path="FinanceTracker.Worker.BaseCurrencyRecalculation/FinanceTracker.Worker.BaseCurrencyRecalculation.csproj" />
  <Project Path="FinanceTracker.Worker.Cleanup/FinanceTracker.Worker.Cleanup.csproj" />
  <Project Path="FinanceTracker.Worker.CurrencyRate/FinanceTracker.Worker.CurrencyRate.csproj" />
  <Project Path="FinanceTracker.Worker.DeadLetterMonitor/FinanceTracker.Worker.DeadLetterMonitor.csproj" />
  <Project Path="FinanceTracker.Worker.Outbox/FinanceTracker.Worker.Outbox.csproj" />
  <Project Path="FinanceTracker.Worker.PermissionProjection/FinanceTracker.Worker.PermissionProjection.csproj" />
  <Project Path="FinanceTracker.Worker.RecurringTransaction/FinanceTracker.Worker.RecurringTransaction.csproj" />
  <Project Path="FinanceTracker.Worker.RecurringTransactionProjection/FinanceTracker.Worker.RecurringTransactionProjection.csproj" />
  <Project Path="FinanceTracker.Worker.Shared/FinanceTracker.Worker.Shared.csproj" />
  <Project Path="FinanceTracker.Worker.TransferProjection/FinanceTracker.Worker.TransferProjection.csproj" />
  <Project Path="FinanceTracker.Worker.UserRoleProjection/FinanceTracker.Worker.UserRoleProjection.csproj" />
</Solution>
